
Microsoft Visual Studio Solution File, Format Version 12.00
# Visual Studio Version 17
VisualStudioVersion = 17.5.002.0
MinimumVisualStudioVersion = 10.0.40219.1
Project("{9A19103F-16F7-4668-BE54-9A1E7A4F7556}") = "LifeManagementApp", "LifeManagementApp.csproj", "{50AC3C0C-2A64-4745-935C-9DFDA75C5D07}"
EndProject
Global
	GlobalSection(SolutionConfigurationPlatforms) = preSolution
		Debug|Any CPU = Debug|Any CPU
		Release|Any CPU = Release|Any CPU
	EndGlobalSection
	GlobalSection(ProjectConfigurationPlatforms) = postSolution
		{50AC3C0C-2A64-4745-935C-9DFDA75C5D07}.Debug|Any CPU.ActiveCfg = Debug|Any CPU
		{50AC3C0C-2A64-4745-935C-9DFDA75C5D07}.Debug|Any CPU.Build.0 = Debug|Any CPU
		{50AC3C0C-2A64-4745-935C-9DFDA75C5D07}.Release|Any CPU.ActiveCfg = Release|Any CPU
		{50AC3C0C-2A64-4745-935C-9DFDA75C5D07}.Release|Any CPU.Build.0 = Release|Any CPU
	EndGlobalSection
	GlobalSection(SolutionProperties) = preSolution
		HideSolutionNode = FALSE
	EndGlobalSection
	GlobalSection(ExtensibilityGlobals) = postSolution
		SolutionGuid = {DCB796A7-BCA7-41E6-9A77-D583E12B7CCF}
	EndGlobalSection
EndGlobal
